
Microsoft Visual Studio Solution File, Format Version 12.00
# Visual Studio Version 17
VisualStudioVersion = 17.11.35303.130
MinimumVisualStudioVersion = 10.0.40219.1
Project("{FAE04EC0-301F-11D3-BF4B-00C04F79EFBC}") = "Test_intro", "Test_intro\Test_intro.csproj", "{BCECB405-B29D-43FC-91C3-EE73B88CAB15}"
EndProject
Global
	GlobalSection(SolutionConfigurationPlatforms) = preSolution
		Debug|Any CPU = Debug|Any CPU
		Release|Any CPU = Release|Any CPU
	EndGlobalSection
	GlobalSection(ProjectConfigurationPlatforms) = postSolution
		{BCECB405-B29D-43FC-91C3-EE73B88CAB15}.Debug|Any CPU.ActiveCfg = Debug|Any CPU
		{BCECB405-B29D-43FC-91C3-EE73B88CAB15}.Debug|Any CPU.Build.0 = Debug|Any CPU
		{BCECB405-B29D-43FC-91C3-EE73B88CAB15}.Release|Any CPU.ActiveCfg = Release|Any CPU
		{BCECB405-B29D-43FC-91C3-EE73B88CAB15}.Release|Any CPU.Build.0 = Release|Any CPU
	EndGlobalSection
	GlobalSection(SolutionProperties) = preSolution
		HideSolutionNode = FALSE
	EndGlobalSection
	GlobalSection(ExtensibilityGlobals) = postSolution
		SolutionGuid = {1D51D479-244F-4615-A118-01D7C11D98D1}
	EndGlobalSection
EndGlobal
